
Microsoft Visual Studio Solution File, Format Version 12.00
# Visual Studio Version 17
VisualStudioVersion = 17.14.36518.9
MinimumVisualStudioVersion = 10.0.40219.1
Project("{FAE04EC0-301F-11D3-BF4B-00C04F79EFBC}") = "Banking.Capabilities", "BabkingCapabilities\Banking.Capabilities.csproj", "{55385CD4-C6B5-CF9E-A17B-A78E057561F2}"
EndProject
Project("{FAE04EC0-301F-11D3-BF4B-00C04F79EFBC}") = "Demo", "Demo\Demo.csproj", "{1A788C3A-C33F-436D-8465-A5FFAAF79969}"
EndProject
Project("{FAE04EC0-301F-11D3-BF4B-00C04F79EFBC}") = "Benchmarks", "Benchmarks\Benchmarks.csproj", "{D7F084F9-402C-4A79-88A5-71D77C5D875A}"
EndProject
Global
	GlobalSection(SolutionConfigurationPlatforms) = preSolution
		Debug|Any CPU = Debug|Any CPU
		Release|Any CPU = Release|Any CPU
	EndGlobalSection
	GlobalSection(ProjectConfigurationPlatforms) = postSolution
		{55385CD4-C6B5-CF9E-A17B-A78E057561F2}.Debug|Any CPU.ActiveCfg = Debug|Any CPU
		{55385CD4-C6B5-CF9E-A17B-A78E057561F2}.Debug|Any CPU.Build.0 = Debug|Any CPU
		{55385CD4-C6B5-CF9E-A17B-A78E057561F2}.Release|Any CPU.ActiveCfg = Release|Any CPU
		{55385CD4-C6B5-CF9E-A17B-A78E057561F2}.Release|Any CPU.Build.0 = Release|Any CPU
		{1A788C3A-C33F-436D-8465-A5FFAAF79969}.Debug|Any CPU.ActiveCfg = Debug|Any CPU
		{1A788C3A-C33F-436D-8465-A5FFAAF79969}.Debug|Any CPU.Build.0 = Debug|Any CPU
		{1A788C3A-C33F-436D-8465-A5FFAAF79969}.Release|Any CPU.ActiveCfg = Release|Any CPU
		{1A788C3A-C33F-436D-8465-A5FFAAF79969}.Release|Any CPU.Build.0 = Release|Any CPU
		{D7F084F9-402C-4A79-88A5-71D77C5D875A}.Debug|Any CPU.ActiveCfg = Debug|Any CPU
		{D7F084F9-402C-4A79-88A5-71D77C5D875A}.Debug|Any CPU.Build.0 = Debug|Any CPU
		{D7F084F9-402C-4A79-88A5-71D77C5D875A}.Release|Any CPU.ActiveCfg = Release|Any CPU
		{D7F084F9-402C-4A79-88A5-71D77C5D875A}.Release|Any CPU.Build.0 = Release|Any CPU
	EndGlobalSection
	GlobalSection(SolutionProperties) = preSolution
		HideSolutionNode = FALSE
	EndGlobalSection
	GlobalSection(ExtensibilityGlobals) = postSolution
		SolutionGuid = {5CE09B50-8EB4-4861-ACF2-5258836490B6}
	EndGlobalSection
EndGlobal
